// !$*UTF8*$!
{
	archiveVersion = 1;
	classes = {
	};
	objectVersion = 46;
	objects = {

/* Begin PBXBuildFile section */
		5D25CB5DFEC6AA92D1C73753 /* Pods_UberTraffic.framework in Frameworks */ = {isa = PBXBuildFile; fileRef = 47821C428F8B382B1C785413 /* Pods_UberTraffic.framework */; };
		63E7D66E1D47FFFB00BCE481 /* AppDelegate.swift in Sources */ = {isa = PBXBuildFile; fileRef = 63E7D66D1D47FFFB00BCE481 /* AppDelegate.swift */; };
		63E7D6701D47FFFB00BCE481 /* ViewController.swift in Sources */ = {isa = PBXBuildFile; fileRef = 63E7D66F1D47FFFB00BCE481 /* ViewController.swift */; };
		63E7D6731D47FFFB00BCE481 /* Main.storyboard in Resources */ = {isa = PBXBuildFile; fileRef = 63E7D6711D47FFFB00BCE481 /* Main.storyboard */; };
		63E7D6751D47FFFB00BCE481 /* Assets.xcassets in Resources */ = {isa = PBXBuildFile; fileRef = 63E7D6741D47FFFB00BCE481 /* Assets.xcassets */; };
		63E7D6781D47FFFB00BCE481 /* LaunchScreen.storyboard in Resources */ = {isa = PBXBuildFile; fileRef = 63E7D6761D47FFFB00BCE481 /* LaunchScreen.storyboard */; };
/* End PBXBuildFile section */

/* Begin PBXFileReference section */
		44296589590E6B0BABA0E401 /* Pods-UberTraffic.release.xcconfig */ = {isa = PBXFileReference; includeInIndex = 1; lastKnownFileType = text.xcconfig; name = "Pods-UberTraffic.release.xcconfig"; path = "Pods/Target Support Files/Pods-UberTraffic/Pods-UberTraffic.release.xcconfig"; sourceTree = "<group>"; };
		47821C428F8B382B1C785413 /* Pods_UberTraffic.framework */ = {isa = PBXFileReference; explicitFileType = wrapper.framework; includeInIndex = 0; path = Pods_UberTraffic.framework; sourceTree = BUILT_PRODUCTS_DIR; };
		63E7D66A1D47FFFB00BCE481 /* UberTraffic.app */ = {isa = PBXFileReference; explicitFileType = wrapper.application; includeInIndex = 0; path = UberTraffic.app; sourceTree = BUILT_PRODUCTS_DIR; };
		63E7D66D1D47FFFB00BCE481 /* AppDelegate.swift */ = {isa = PBXFileReference; lastKnownFileType = sourcecode.swift; path = AppDelegate.swift; sourceTree = "<group>"; };
		63E7D66F1D47FFFB00BCE481 /* ViewController.swift */ = {isa = PBXFileReference; lastKnownFileType = sourcecode.swift; path = ViewController.swift; sourceTree = "<group>"; };
		63E7D6721D47FFFB00BCE481 /* Base */ = {isa = PBXFileReference; lastKnownFileType = file.storyboard; name = Base; path = Base.lproj/Main.storyboard; sourceTree = "<group>"; };
		63E7D6741D47FFFB00BCE481 /* Assets.xcassets */ = {isa = PBXFileReference; lastKnownFileType = folder.assetcatalog; path = Assets.xcassets; sourceTree = "<group>"; };
		63E7D6771D47FFFB00BCE481 /* Base */ = {isa = PBXFileReference; lastKnownFileType = file.storyboard; name = Base; path = Base.lproj/LaunchScreen.storyboard; sourceTree = "<group>"; };
		63E7D6791D47FFFB00BCE481 /* Info.plist */ = {isa = PBXFileReference; lastKnownFileType = text.plist.xml; path = Info.plist; sourceTree = "<group>"; };
		DE075D71E4877CF88AC43931 /* Pods-UberTraffic.debug.xcconfig */ = {isa = PBXFileReference; includeInIndex = 1; lastKnownFileType = text.xcconfig; name = "Pods-UberTraffic.debug.xcconfig"; path = "Pods/Target Support Files/Pods-UberTraffic/Pods-UberTraffic.debug.xcconfig"; sourceTree = "<group>"; };
/* End PBXFileReference section */

/* Begin PBXFrameworksBuildPhase section */
		63E7D6671D47FFFB00BCE481 /* Frameworks */ = {
			isa = PBXFrameworksBuildPhase;
			buildActionMask = 2147483647;
			files = (
				5D25CB5DFEC6AA92D1C73753 /* Pods_UberTraffic.framework in Frameworks */,
			);
			runOnlyForDeploymentPostprocessing = 0;
		};
/* End PBXFrameworksBuildPhase section */

/* Begin PBXGroup section */
		391B56F458DD0CCB53E07B56 /* Pods */ = {
			isa = PBXGroup;
			children = (
				DE075D71E4877CF88AC43931 /* Pods-UberTraffic.debug.xcconfig */,
				44296589590E6B0BABA0E401 /* Pods-UberTraffic.release.xcconfig */,
			);
			name = Pods;
			sourceTree = "<group>";
		};
		63E7D6611D47FFFB00BCE481 = {
			isa = PBXGroup;
			children = (
				63E7D66C1D47FFFB00BCE481 /* UberTraffic */,
				63E7D66B1D47FFFB00BCE481 /* Products */,
				391B56F458DD0CCB53E07B56 /* Pods */,
				DBDCABCE5EE9C36A47C2E8B7 /* Frameworks */,
			);
			sourceTree = "<group>";
		};
		63E7D66B1D47FFFB00BCE481 /* Products */ = {
			isa = PBXGroup;
			children = (
				63E7D66A1D47FFFB00BCE481 /* UberTraffic.app */,
			);
			name = Products;
			sourceTree = "<group>";
		};
		63E7D66C1D47FFFB00BCE481 /* UberTraffic */ = {
			isa = PBXGroup;
			children = (
				63E7D66D1D47FFFB00BCE481 /* AppDelegate.swift */,
				63E7D66F1D47FFFB00BCE481 /* ViewController.swift */,
				63E7D6711D47FFFB00BCE481 /* Main.storyboard */,
				63E7D6741D47FFFB00BCE481 /* Assets.xcassets */,
				63E7D6761D47FFFB00BCE481 /* LaunchScreen.storyboard */,
				63E7D6791D47FFFB00BCE481 /* Info.plist */,
			);
			path = UberTraffic;
			sourceTree = "<group>";
		};
		DBDCABCE5EE9C36A47C2E8B7 /* Frameworks */ = {
			isa = PBXGroup;
			children = (
				47821C428F8B382B1C785413 /* Pods_UberTraffic.framework */,
			);
			name = Frameworks;
			sourceTree = "<group>";
		};
/* End PBXGroup section */

/* Begin PBXNativeTarget section */
		63E7D6691D47FFFB00BCE481 /* UberTraffic */ = {
			isa = PBXNativeTarget;
			buildConfigurationList = 63E7D67C1D47FFFB00BCE481 /* Build configuration list for PBXNativeTarget "UberTraffic" */;
			buildPhases = (
				FF675350DA606F05E4475883 /* [CP] Check Pods Manifest.lock */,
				63E7D6661D47FFFB00BCE481 /* Sources */,
				63E7D6671D47FFFB00BCE481 /* Frameworks */,
				63E7D6681D47FFFB00BCE481 /* Resources */,
				68A71976891EF183240195F8 /* [CP] Embed Pods Frameworks */,
				DCBF0F7707B812957115407A /* [CP] Copy Pods Resources */,
			);
			buildRules = (
			);
			dependencies = (
			);
			name = UberTraffic;
			productName = UberTraffic;
			productReference = 63E7D66A1D47FFFB00BCE481 /* UberTraffic.app */;
			productType = "com.apple.product-type.application";
		};
/* End PBXNativeTarget section */

/* Begin PBXProject section */
		63E7D6621D47FFFB00BCE481 /* Project object */ = {
			isa = PBXProject;
			attributes = {
				LastSwiftUpdateCheck = 0730;
				LastUpgradeCheck = 0730;
				ORGANIZATIONNAME = "David Lashkhi";
				TargetAttributes = {
					63E7D6691D47FFFB00BCE481 = {
						CreatedOnToolsVersion = 7.3.1;
					};
				};
			};
			buildConfigurationList = 63E7D6651D47FFFB00BCE481 /* Build configuration list for PBXProject "UberTraffic" */;
			compatibilityVersion = "Xcode 3.2";
			developmentRegion = English;
			hasScannedForEncodings = 0;
			knownRegions = (
				en,
				Base,
			);
			mainGroup = 63E7D6611D47FFFB00BCE481;
			productRefGroup = 63E7D66B1D47FFFB00BCE481 /* Products */;
			projectDirPath = "";
			projectRoot = "";
			targets = (
				63E7D6691D47FFFB00BCE481 /* UberTraffic */,
			);
		};
/* End PBXProject section */

/* Begin PBXResourcesBuildPhase section */
		63E7D6681D47FFFB00BCE481 /* Resources */ = {
			isa = PBXResourcesBuildPhase;
			buildActionMask = 2147483647;
			files = (
				63E7D6781D47FFFB00BCE481 /* LaunchScreen.storyboard in Resources */,
				63E7D6751D47FFFB00BCE481 /* Assets.xcassets in Resources */,
				63E7D6731D47FFFB00BCE481 /* Main.storyboard in Resources */,
			);
			runOnlyForDeploymentPostprocessing = 0;
		};
/* End PBXResourcesBuildPhase section */

/* Begin PBXShellScriptBuildPhase section */
		68A71976891EF183240195F8 /* [CP] Embed Pods Frameworks */ = {
			isa = PBXShellScriptBuildPhase;
			buildActionMask = 2147483647;
			files = (
			);
			inputPaths = (
			);
			name = "[CP] Embed Pods Frameworks";
			outputPaths = (
			);
			runOnlyForDeploymentPostprocessing = 0;
			shellPath = /bin/sh;
			shellScript = "\"${SRCROOT}/Pods/Target Support Files/Pods-UberTraffic/Pods-UberTraffic-frameworks.sh\"\n";
			showEnvVarsInLog = 0;
		};
		DCBF0F7707B812957115407A /* [CP] Copy Pods Resources */ = {
			isa = PBXShellScriptBuildPhase;
			buildActionMask = 2147483647;
			files = (
			);
			inputPaths = (
			);
			name = "[CP] Copy Pods Resources";
			outputPaths = (
			);
			runOnlyForDeploymentPostprocessing = 0;
			shellPath = /bin/sh;
			shellScript = "\"${SRCROOT}/Pods/Target Support Files/Pods-UberTraffic/Pods-UberTraffic-resources.sh\"\n";
			showEnvVarsInLog = 0;
		};
		FF675350DA606F05E4475883 /* [CP] Check Pods Manifest.lock */ = {
			isa = PBXShellScriptBuildPhase;
			buildActionMask = 2147483647;
			files = (
			);
			inputPaths = (
			);
			name = "[CP] Check Pods Manifest.lock";
			outputPaths = (
			);
			runOnlyForDeploymentPostprocessing = 0;
			shellPath = /bin/sh;
			shellScript = "diff \"${PODS_ROOT}/../Podfile.lock\" \"${PODS_ROOT}/Manifest.lock\" > /dev/null\nif [[ $? != 0 ]] ; then\n    cat << EOM\nerror: The sandbox is not in sync with the Podfile.lock. Run 'pod install' or update your CocoaPods installation.\nEOM\n    exit 1\nfi\n";
			showEnvVarsInLog = 0;
		};
/* End PBXShellScriptBuildPhase section */

/* Begin PBXSourcesBuildPhase section */
		63E7D6661D47FFFB00BCE481 /* Sources */ = {
			isa = PBXSourcesBuildPhase;
			buildActionMask = 2147483647;
			files = (
				63E7D6701D47FFFB00BCE481 /* ViewController.swift in Sources */,
				63E7D66E1D47FFFB00BCE481 /* AppDelegate.swift in Sources */,
			);
			runOnlyForDeploymentPostprocessing = 0;
		};
/* End PBXSourcesBuildPhase section */

/* Begin PBXVariantGroup section */
		63E7D6711D47FFFB00BCE481 /* Main.storyboard */ = {
			isa = PBXVariantGroup;
			children = (
				63E7D6721D47FFFB00BCE481 /* Base */,
			);
			name = Main.storyboard;
			sourceTree = "<group>";
		};
		63E7D6761D47FFFB00BCE481 /* LaunchScreen.storyboard */ = {
			isa = PBXVariantGroup;
			children = (
				63E7D6771D47FFFB00BCE481 /* Base */,
			);
			name = LaunchScreen.storyboard;
			sourceTree = "<group>";
		};
/* End PBXVariantGroup section */

/* Begin XCBuildConfiguration section */
		63E7D67A1D47FFFB00BCE481 /* Debug */ = {
			isa = XCBuildConfiguration;
			buildSettings = {
				ALWAYS_SEARCH_USER_PATHS = NO;
				CLANG_ANALYZER_NONNULL = YES;
				CLANG_CXX_LANGUAGE_STANDARD = "gnu++0x";
				CLANG_CXX_LIBRARY = "libc++";
				CLANG_ENABLE_MODULES = YES;
				CLANG_ENABLE_OBJC_ARC = YES;
				CLANG_WARN_BOOL_CONVERSION = YES;
				CLANG_WARN_CONSTANT_CONVERSION = YES;
				CLANG_WARN_DIRECT_OBJC_ISA_USAGE = YES_ERROR;
				CLANG_WARN_EMPTY_BODY = YES;
				CLANG_WARN_ENUM_CONVERSION = YES;
				CLANG_WARN_INT_CONVERSION = YES;
				CLANG_WARN_OBJC_ROOT_CLASS = YES_ERROR;
				CLANG_WARN_UNREACHABLE_CODE = YES;
				CLANG_WARN__DUPLICATE_METHOD_MATCH = YES;
				"CODE_SIGN_IDENTITY[sdk=iphoneos*]" = "iPhone Developer";
				COPY_PHASE_STRIP = NO;
				DEBUG_INFORMATION_FORMAT = dwarf;
				ENABLE_STRICT_OBJC_MSGSEND = YES;
				ENABLE_TESTABILITY = YES;
				GCC_C_LANGUAGE_STANDARD = gnu99;
				GCC_DYNAMIC_NO_PIC = NO;
				GCC_NO_COMMON_BLOCKS = YES;
				GCC_OPTIMIZATION_LEVEL = 0;
				GCC_PREPROCESSOR_DEFINITIONS = (
					"DEBUG=1",
					"$(inherited)",
				);
				GCC_WARN_64_TO_32_BIT_CONVERSION = YES;
				GCC_WARN_ABOUT_RETURN_TYPE = YES_ERROR;
				GCC_WARN_UNDECLARED_SELECTOR = YES;
				GCC_WARN_UNINITIALIZED_AUTOS = YES_AGGRESSIVE;
				GCC_WARN_UNUSED_FUNCTION = YES;
				GCC_WARN_UNUSED_VARIABLE = YES;
				IPHONEOS_DEPLOYMENT_TARGET = 9.3;
				MTL_ENABLE_DEBUG_INFO = YES;
				ONLY_ACTIVE_ARCH = YES;
				SDKROOT = iphoneos;
				SWIFT_OPTIMIZATION_LEVEL = "-Onone";
			};
			name = Debug;
		};
		63E7D67B1D47FFFB00BCE481 /* Release */ = {
			isa = XCBuildConfiguration;
			buildSettings = {
				ALWAYS_SEARCH_USER_PATHS = NO;
				CLANG_ANALYZER_NONNULL = YES;
				CLANG_CXX_LANGUAGE_STANDARD = "gnu++0x";
				CLANG_CXX_LIBRARY = "libc++";
				CLANG_ENABLE_MODULES = YES;
				CLANG_ENABLE_OBJC_ARC = YES;
				CLANG_WARN_BOOL_CONVERSION = YES;
				CLANG_WARN_CONSTANT_CONVERSION = YES;
				CLANG_WARN_DIRECT_OBJC_ISA_USAGE = YES_ERROR;
				CLANG_WARN_EMPTY_BODY = YES;
				CLANG_WARN_ENUM_CONVERSION = YES;
				CLANG_WARN_INT_CONVERSION = YES;
				CLANG_WARN_OBJC_ROOT_CLASS = YES_ERROR;
				CLANG_WARN_UNREACHABLE_CODE = YES;
				CLANG_WARN__DUPLICATE_METHOD_MATCH = YES;
				"CODE_SIGN_IDENTITY[sdk=iphoneos*]" = "iPhone Developer";
				COPY_PHASE_STRIP = NO;
				DEBUG_INFORMATION_FORMAT = "dwarf-with-dsym";
				ENABLE_NS_ASSERTIONS = NO;
				ENABLE_STRICT_OBJC_MSGSEND = YES;
				GCC_C_LANGUAGE_STANDARD = gnu99;
				GCC_NO_COMMON_BLOCKS = YES;
				GCC_WARN_64_TO_32_BIT_CONVERSION = YES;
				GCC_WARN_ABOUT_RETURN_TYPE = YES_ERROR;
				GCC_WARN_UNDECLARED_SELECTOR = YES;
				GCC_WARN_UNINITIALIZED_AUTOS = YES_AGGRESSIVE;
				GCC_WARN_UNUSED_FUNCTION = YES;
				GCC_WARN_UNUSED_VARIABLE = YES;
				IPHONEOS_DEPLOYMENT_TARGET = 9.3;
				MTL_ENABLE_DEBUG_INFO = NO;
				SDKROOT = iphoneos;
				VALIDATE_PRODUCT = YES;
			};
			name = Release;
		};
		63E7D67D1D47FFFB00BCE481 /* Debug */ = {
			isa = XCBuildConfiguration;
			baseConfigurationReference = DE075D71E4877CF88AC43931 /* Pods-UberTraffic.debug.xcconfig */;
			buildSettings = {
				ASSETCATALOG_COMPILER_APPICON_NAME = AppIcon;
				INFOPLIST_FILE = UberTraffic/Info.plist;
				LD_RUNPATH_SEARCH_PATHS = "$(inherited) @executable_path/Frameworks";
				PRODUCT_BUNDLE_IDENTIFIER = com.lashkhi.UberTraffic;
				PRODUCT_NAME = "$(TARGET_NAME)";
			};
			name = Debug;
		};
		63E7D67E1D47FFFB00BCE481 /* Release */ = {
			isa = XCBuildConfiguration;
			baseConfigurationReference = 44296589590E6B0BABA0E401 /* Pods-UberTraffic.release.xcconfig */;
			buildSettings = {
				ASSETCATALOG_COMPILER_APPICON_NAME = AppIcon;
				INFOPLIST_FILE = UberTraffic/Info.plist;
				LD_RUNPATH_SEARCH_PATHS = "$(inherited) @executable_path/Frameworks";
				PRODUCT_BUNDLE_IDENTIFIER = com.lashkhi.UberTraffic;
				PRODUCT_NAME = "$(TARGET_NAME)";
			};
			name = Release;
		};
/* End XCBuildConfiguration section */

/* Begin XCConfigurationList section */
		63E7D6651D47FFFB00BCE481 /* Build configuration list for PBXProject "UberTraffic" */ = {
			isa = XCConfigurationList;
			buildConfigurations = (
				63E7D67A1D47FFFB00BCE481 /* Debug */,
				63E7D67B1D47FFFB00BCE481 /* Release */,
			);
			defaultConfigurationIsVisible = 0;
			defaultConfigurationName = Release;
		};
		63E7D67C1D47FFFB00BCE481 /* Build configuration list for PBXNativeTarget "UberTraffic" */ = {
			isa = XCConfigurationList;
			buildConfigurations = (
				63E7D67D1D47FFFB00BCE481 /* Debug */,
				63E7D67E1D47FFFB00BCE481 /* Release */,
			);
			defaultConfigurationIsVisible = 0;
			defaultConfigurationName = Release;
		};
/* End XCConfigurationList section */
	};
	rootObject = 63E7D6621D47FFFB00BCE481 /* Project object */;
}
